
Microsoft Visual Studio Solution File, Format Version 12.00
# Visual Studio Version 17
VisualStudioVersion = 17.0.31903.59
MinimumVisualStudioVersion = 10.0.40219.1
Project("{FAE04EC0-301F-11D3-BF4B-00C04F79EFBC}") = "CadastroDeAlunos", "CadastroDeAlunos\CadastroDeAlunos.csproj", "{1D189AFD-0232-1D15-C1E1-184E277D45AD}"
EndProject
Project("{FAE04EC0-301F-11D3-BF4B-00C04F79EFBC}") = "Contador", "Contador\Contador.csproj", "{1A81F4D2-CEAD-C713-C3B6-03376ABC8CB6}"
EndProject
Project("{FAE04EC0-301F-11D3-BF4B-00C04F79EFBC}") = "AulaLista", "AulaLista\AulaLista.csproj", "{D5ED9F90-B376-4D04-C381-3E8E41FD21AC}"
EndProject
Project("{FAE04EC0-301F-11D3-BF4B-00C04F79EFBC}") = "AulaRevisao", "AulaRevisao\AulaRevisao.csproj", "{C516B32A-9974-24C2-465F-21702364145E}"
EndProject
Project("{FAE04EC0-301F-11D3-BF4B-00C04F79EFBC}") = "CadastroDeCarro", "CadastroDeCarro\CadastroDeCarro.csproj", "{57AE734D-834B-DFEB-E802-A9124E07BC5A}"
EndProject
Project("{FAE04EC0-301F-11D3-BF4B-00C04F79EFBC}") = "CadastroProdutoAPI", "CadastroProdutoAPI\CadastroProdutoAPI.csproj", "{B4B10921-7936-136B-A422-633F4A8952D2}"
EndProject
Project("{FAE04EC0-301F-11D3-BF4B-00C04F79EFBC}") = "Calculadora", "Calculadora\Calculadora.csproj", "{7F1B9FF9-CF40-1E48-D7A0-0BF70034C4E7}"
EndProject
Project("{FAE04EC0-301F-11D3-BF4B-00C04F79EFBC}") = "CalculadoraDeImc", "CalculadoraDeImc\CalculadoraDeImc\CalculadoraDeImc.csproj", "{D285DC34-71C5-C608-C333-BEC9EB36C9E0}"
EndProject
Project("{FAE04EC0-301F-11D3-BF4B-00C04F79EFBC}") = "CarroServico", "CarroServico\CarroServico.csproj", "{35CEC7F0-0150-BA9B-FEA2-4DEA7092BB82}"
EndProject
Project("{FAE04EC0-301F-11D3-BF4B-00C04F79EFBC}") = "ImparPar", "ImparPar\ImparPar.csproj", "{E6987E66-77DE-5C61-4677-83039FE95050}"
EndProject
Project("{FAE04EC0-301F-11D3-BF4B-00C04F79EFBC}") = "MinhaPrimeiraAPI", "MinhaPrimeiraAPI\MinhaPrimeiraAPI.csproj", "{0889EC67-F8E0-E24B-1B56-B1FFE1C04C9E}"
EndProject
Project("{FAE04EC0-301F-11D3-BF4B-00C04F79EFBC}") = "Negocios", "Negocios\Negocios.csproj", "{DE5F7C0A-95C2-1217-92DD-03AC783C4D93}"
EndProject
Project("{FAE04EC0-301F-11D3-BF4B-00C04F79EFBC}") = "primeiraAPI", "primeiraAPI\primeiraAPI.csproj", "{D562DA17-7AE4-D6C0-7249-419442849EDA}"
EndProject
Project("{FAE04EC0-301F-11D3-BF4B-00C04F79EFBC}") = "ProjetoPedro", "Projeto-Pedro\ProjetoPedro.csproj", "{5B7A9BA0-7DC4-86C7-243B-AD5865C2C0FA}"
EndProject
Project("{FAE04EC0-301F-11D3-BF4B-00C04F79EFBC}") = "PrimeiraApiDDD", "PrimeiraApiDDD\PrimeiraApiDDD.csproj", "{2566CA54-EF3F-E80D-F134-6C0AC0B3E34B}"
EndProject
Project("{FAE04EC0-301F-11D3-BF4B-00C04F79EFBC}") = "CollectionsAndLinq", "CollectionsAndLinq\CollectionsAndLinq.csproj", "{3C19DBB9-3CDC-4F3A-961A-460235DB1CB3}"
EndProject
Global
	GlobalSection(SolutionConfigurationPlatforms) = preSolution
		Debug|Any CPU = Debug|Any CPU
		Release|Any CPU = Release|Any CPU
	EndGlobalSection
	GlobalSection(ProjectConfigurationPlatforms) = postSolution
		{1D189AFD-0232-1D15-C1E1-184E277D45AD}.Debug|Any CPU.ActiveCfg = Debug|Any CPU
		{1D189AFD-0232-1D15-C1E1-184E277D45AD}.Debug|Any CPU.Build.0 = Debug|Any CPU
		{1D189AFD-0232-1D15-C1E1-184E277D45AD}.Release|Any CPU.ActiveCfg = Release|Any CPU
		{1D189AFD-0232-1D15-C1E1-184E277D45AD}.Release|Any CPU.Build.0 = Release|Any CPU
		{1A81F4D2-CEAD-C713-C3B6-03376ABC8CB6}.Debug|Any CPU.ActiveCfg = Debug|Any CPU
		{1A81F4D2-CEAD-C713-C3B6-03376ABC8CB6}.Debug|Any CPU.Build.0 = Debug|Any CPU
		{1A81F4D2-CEAD-C713-C3B6-03376ABC8CB6}.Release|Any CPU.ActiveCfg = Release|Any CPU
		{1A81F4D2-CEAD-C713-C3B6-03376ABC8CB6}.Release|Any CPU.Build.0 = Release|Any CPU
		{D5ED9F90-B376-4D04-C381-3E8E41FD21AC}.Debug|Any CPU.ActiveCfg = Debug|Any CPU
		{D5ED9F90-B376-4D04-C381-3E8E41FD21AC}.Debug|Any CPU.Build.0 = Debug|Any CPU
		{D5ED9F90-B376-4D04-C381-3E8E41FD21AC}.Release|Any CPU.ActiveCfg = Release|Any CPU
		{D5ED9F90-B376-4D04-C381-3E8E41FD21AC}.Release|Any CPU.Build.0 = Release|Any CPU
		{C516B32A-9974-24C2-465F-21702364145E}.Debug|Any CPU.ActiveCfg = Debug|Any CPU
		{C516B32A-9974-24C2-465F-21702364145E}.Debug|Any CPU.Build.0 = Debug|Any CPU
		{C516B32A-9974-24C2-465F-21702364145E}.Release|Any CPU.ActiveCfg = Release|Any CPU
		{C516B32A-9974-24C2-465F-21702364145E}.Release|Any CPU.Build.0 = Release|Any CPU
		{57AE734D-834B-DFEB-E802-A9124E07BC5A}.Debug|Any CPU.ActiveCfg = Debug|Any CPU
		{57AE734D-834B-DFEB-E802-A9124E07BC5A}.Debug|Any CPU.Build.0 = Debug|Any CPU
		{57AE734D-834B-DFEB-E802-A9124E07BC5A}.Release|Any CPU.ActiveCfg = Release|Any CPU
		{57AE734D-834B-DFEB-E802-A9124E07BC5A}.Release|Any CPU.Build.0 = Release|Any CPU
		{B4B10921-7936-136B-A422-633F4A8952D2}.Debug|Any CPU.ActiveCfg = Debug|Any CPU
		{B4B10921-7936-136B-A422-633F4A8952D2}.Debug|Any CPU.Build.0 = Debug|Any CPU
		{B4B10921-7936-136B-A422-633F4A8952D2}.Release|Any CPU.ActiveCfg = Release|Any CPU
		{B4B10921-7936-136B-A422-633F4A8952D2}.Release|Any CPU.Build.0 = Release|Any CPU
		{7F1B9FF9-CF40-1E48-D7A0-0BF70034C4E7}.Debug|Any CPU.ActiveCfg = Debug|Any CPU
		{7F1B9FF9-CF40-1E48-D7A0-0BF70034C4E7}.Debug|Any CPU.Build.0 = Debug|Any CPU
		{7F1B9FF9-CF40-1E48-D7A0-0BF70034C4E7}.Release|Any CPU.ActiveCfg = Release|Any CPU
		{7F1B9FF9-CF40-1E48-D7A0-0BF70034C4E7}.Release|Any CPU.Build.0 = Release|Any CPU
		{D285DC34-71C5-C608-C333-BEC9EB36C9E0}.Debug|Any CPU.ActiveCfg = Debug|Any CPU
		{D285DC34-71C5-C608-C333-BEC9EB36C9E0}.Debug|Any CPU.Build.0 = Debug|Any CPU
		{D285DC34-71C5-C608-C333-BEC9EB36C9E0}.Release|Any CPU.ActiveCfg = Release|Any CPU
		{D285DC34-71C5-C608-C333-BEC9EB36C9E0}.Release|Any CPU.Build.0 = Release|Any CPU
		{35CEC7F0-0150-BA9B-FEA2-4DEA7092BB82}.Debug|Any CPU.ActiveCfg = Debug|Any CPU
		{35CEC7F0-0150-BA9B-FEA2-4DEA7092BB82}.Debug|Any CPU.Build.0 = Debug|Any CPU
		{35CEC7F0-0150-BA9B-FEA2-4DEA7092BB82}.Release|Any CPU.ActiveCfg = Release|Any CPU
		{35CEC7F0-0150-BA9B-FEA2-4DEA7092BB82}.Release|Any CPU.Build.0 = Release|Any CPU
		{E6987E66-77DE-5C61-4677-83039FE95050}.Debug|Any CPU.ActiveCfg = Debug|Any CPU
		{E6987E66-77DE-5C61-4677-83039FE95050}.Debug|Any CPU.Build.0 = Debug|Any CPU
		{E6987E66-77DE-5C61-4677-83039FE95050}.Release|Any CPU.ActiveCfg = Release|Any CPU
		{E6987E66-77DE-5C61-4677-83039FE95050}.Release|Any CPU.Build.0 = Release|Any CPU
		{0889EC67-F8E0-E24B-1B56-B1FFE1C04C9E}.Debug|Any CPU.ActiveCfg = Debug|Any CPU
		{0889EC67-F8E0-E24B-1B56-B1FFE1C04C9E}.Debug|Any CPU.Build.0 = Debug|Any CPU
		{0889EC67-F8E0-E24B-1B56-B1FFE1C04C9E}.Release|Any CPU.ActiveCfg = Release|Any CPU
		{0889EC67-F8E0-E24B-1B56-B1FFE1C04C9E}.Release|Any CPU.Build.0 = Release|Any CPU
		{DE5F7C0A-95C2-1217-92DD-03AC783C4D93}.Debug|Any CPU.ActiveCfg = Debug|Any CPU
		{DE5F7C0A-95C2-1217-92DD-03AC783C4D93}.Debug|Any CPU.Build.0 = Debug|Any CPU
		{DE5F7C0A-95C2-1217-92DD-03AC783C4D93}.Release|Any CPU.ActiveCfg = Release|Any CPU
		{DE5F7C0A-95C2-1217-92DD-03AC783C4D93}.Release|Any CPU.Build.0 = Release|Any CPU
		{D562DA17-7AE4-D6C0-7249-419442849EDA}.Debug|Any CPU.ActiveCfg = Debug|Any CPU
		{D562DA17-7AE4-D6C0-7249-419442849EDA}.Debug|Any CPU.Build.0 = Debug|Any CPU
		{D562DA17-7AE4-D6C0-7249-419442849EDA}.Release|Any CPU.ActiveCfg = Release|Any CPU
		{D562DA17-7AE4-D6C0-7249-419442849EDA}.Release|Any CPU.Build.0 = Release|Any CPU
		{5B7A9BA0-7DC4-86C7-243B-AD5865C2C0FA}.Debug|Any CPU.ActiveCfg = Debug|Any CPU
		{5B7A9BA0-7DC4-86C7-243B-AD5865C2C0FA}.Debug|Any CPU.Build.0 = Debug|Any CPU
		{5B7A9BA0-7DC4-86C7-243B-AD5865C2C0FA}.Release|Any CPU.ActiveCfg = Release|Any CPU
		{5B7A9BA0-7DC4-86C7-243B-AD5865C2C0FA}.Release|Any CPU.Build.0 = Release|Any CPU
		{2566CA54-EF3F-E80D-F134-6C0AC0B3E34B}.Debug|Any CPU.ActiveCfg = Debug|Any CPU
		{2566CA54-EF3F-E80D-F134-6C0AC0B3E34B}.Debug|Any CPU.Build.0 = Debug|Any CPU
		{2566CA54-EF3F-E80D-F134-6C0AC0B3E34B}.Release|Any CPU.ActiveCfg = Release|Any CPU
		{2566CA54-EF3F-E80D-F134-6C0AC0B3E34B}.Release|Any CPU.Build.0 = Release|Any CPU
		{3C19DBB9-3CDC-4F3A-961A-460235DB1CB3}.Debug|Any CPU.ActiveCfg = Debug|Any CPU
		{3C19DBB9-3CDC-4F3A-961A-460235DB1CB3}.Debug|Any CPU.Build.0 = Debug|Any CPU
		{3C19DBB9-3CDC-4F3A-961A-460235DB1CB3}.Release|Any CPU.ActiveCfg = Release|Any CPU
		{3C19DBB9-3CDC-4F3A-961A-460235DB1CB3}.Release|Any CPU.Build.0 = Release|Any CPU
	EndGlobalSection
	GlobalSection(SolutionProperties) = preSolution
		HideSolutionNode = FALSE
	EndGlobalSection
	GlobalSection(ExtensibilityGlobals) = postSolution
		SolutionGuid = {5B3FC202-7379-40CE-9E03-8AD3B4AB7F19}
	EndGlobalSection
EndGlobal
